{
	"requires": true,
	"lockfileVersion": 1,
	"dependencies": {
		"@types/node": {
			"version": "10.12.10",
			"resolved": "https://sto-proget-01.bde.local/npm/OBG-NPM/@types/node/-/node-10.12.10.tgz",
			"integrity": "sha1-T6duZZi33j8Mtuw6usxPWeWzos4=",
			"dev": true
		},
		"typescript": {
			"version": "4.8.2",
			"resolved": "https://sto-proget-01.bde.local/npm/OBG-NPM/typescript/-/typescript-4.8.2.tgz",
			"integrity": "sha1-47M9XM+1kU5O6rZpnPIIre4/15A=",
			"dev": true
		}
	}
}
